
Microsoft Visual Studio Solution File, Format Version 12.00
# Visual Studio Version 17
VisualStudioVersion = 17.0.31903.59
MinimumVisualStudioVersion = 10.0.40219.1
Project("{2150E333-8FDC-42A3-9474-1A3956D46DE8}") = "src", "src", "{827E0CD3-B72D-47B6-A68D-7590B98EB39B}"
EndProject
Project("{FAE04EC0-301F-11D3-BF4B-00C04F79EFBC}") = "QueueIQ.Shared", "src\QueueIQ.Shared\QueueIQ.Shared.csproj", "{7265AC5F-ED62-4DE4-9DA1-4C597C7F8CA8}"
EndProject
Project("{FAE04EC0-301F-11D3-BF4B-00C04F79EFBC}") = "QueueIQ.Data", "src\QueueIQ.Data\QueueIQ.Data.csproj", "{7A100961-CC40-44FB-9609-439A0E41BDDE}"
EndProject
Project("{FAE04EC0-301F-11D3-BF4B-00C04F79EFBC}") = "QueueIQ.Api", "src\QueueIQ.Api\QueueIQ.Api.csproj", "{91833F6C-8E18-4B65-9563-A7884E412DF7}"
EndProject
Project("{FAE04EC0-301F-11D3-BF4B-00C04F79EFBC}") = "QueueIQ.Web", "src\QueueIQ.Web\QueueIQ.Web.csproj", "{265CF9FF-B3D9-492B-905C-697C58FCF4C0}"
EndProject
Project("{FAE04EC0-301F-11D3-BF4B-00C04F79EFBC}") = "QueueIQ.ML", "src\QueueIQ.ML\QueueIQ.ML.csproj", "{77450089-3924-4667-8874-4CBD92017E54}"
EndProject
Global
	GlobalSection(SolutionConfigurationPlatforms) = preSolution
		Debug|Any CPU = Debug|Any CPU
		Debug|x64 = Debug|x64
		Debug|x86 = Debug|x86
		Release|Any CPU = Release|Any CPU
		Release|x64 = Release|x64
		Release|x86 = Release|x86
	EndGlobalSection
	GlobalSection(ProjectConfigurationPlatforms) = postSolution
		{7265AC5F-ED62-4DE4-9DA1-4C597C7F8CA8}.Debug|Any CPU.ActiveCfg = Debug|Any CPU
		{7265AC5F-ED62-4DE4-9DA1-4C597C7F8CA8}.Debug|Any CPU.Build.0 = Debug|Any CPU
		{7265AC5F-ED62-4DE4-9DA1-4C597C7F8CA8}.Debug|x64.ActiveCfg = Debug|Any CPU
		{7265AC5F-ED62-4DE4-9DA1-4C597C7F8CA8}.Debug|x64.Build.0 = Debug|Any CPU
		{7265AC5F-ED62-4DE4-9DA1-4C597C7F8CA8}.Debug|x86.ActiveCfg = Debug|Any CPU
		{7265AC5F-ED62-4DE4-9DA1-4C597C7F8CA8}.Debug|x86.Build.0 = Debug|Any CPU
		{7265AC5F-ED62-4DE4-9DA1-4C597C7F8CA8}.Release|Any CPU.ActiveCfg = Release|Any CPU
		{7265AC5F-ED62-4DE4-9DA1-4C597C7F8CA8}.Release|Any CPU.Build.0 = Release|Any CPU
		{7265AC5F-ED62-4DE4-9DA1-4C597C7F8CA8}.Release|x64.ActiveCfg = Release|Any CPU
		{7265AC5F-ED62-4DE4-9DA1-4C597C7F8CA8}.Release|x64.Build.0 = Release|Any CPU
		{7265AC5F-ED62-4DE4-9DA1-4C597C7F8CA8}.Release|x86.ActiveCfg = Release|Any CPU
		{7265AC5F-ED62-4DE4-9DA1-4C597C7F8CA8}.Release|x86.Build.0 = Release|Any CPU
		{7A100961-CC40-44FB-9609-439A0E41BDDE}.Debug|Any CPU.ActiveCfg = Debug|Any CPU
		{7A100961-CC40-44FB-9609-439A0E41BDDE}.Debug|Any CPU.Build.0 = Debug|Any CPU
		{7A100961-CC40-44FB-9609-439A0E41BDDE}.Debug|x64.ActiveCfg = Debug|Any CPU
		{7A100961-CC40-44FB-9609-439A0E41BDDE}.Debug|x64.Build.0 = Debug|Any CPU
		{7A100961-CC40-44FB-9609-439A0E41BDDE}.Debug|x86.ActiveCfg = Debug|Any CPU
		{7A100961-CC40-44FB-9609-439A0E41BDDE}.Debug|x86.Build.0 = Debug|Any CPU
		{7A100961-CC40-44FB-9609-439A0E41BDDE}.Release|Any CPU.ActiveCfg = Release|Any CPU
		{7A100961-CC40-44FB-9609-439A0E41BDDE}.Release|Any CPU.Build.0 = Release|Any CPU
		{7A100961-CC40-44FB-9609-439A0E41BDDE}.Release|x64.ActiveCfg = Release|Any CPU
		{7A100961-CC40-44FB-9609-439A0E41BDDE}.Release|x64.Build.0 = Release|Any CPU
		{7A100961-CC40-44FB-9609-439A0E41BDDE}.Release|x86.ActiveCfg = Release|Any CPU
		{7A100961-CC40-44FB-9609-439A0E41BDDE}.Release|x86.Build.0 = Release|Any CPU
		{91833F6C-8E18-4B65-9563-A7884E412DF7}.Debug|Any CPU.ActiveCfg = Debug|Any CPU
		{91833F6C-8E18-4B65-9563-A7884E412DF7}.Debug|Any CPU.Build.0 = Debug|Any CPU
		{91833F6C-8E18-4B65-9563-A7884E412DF7}.Debug|x64.ActiveCfg = Debug|Any CPU
		{91833F6C-8E18-4B65-9563-A7884E412DF7}.Debug|x64.Build.0 = Debug|Any CPU
		{91833F6C-8E18-4B65-9563-A7884E412DF7}.Debug|x86.ActiveCfg = Debug|Any CPU
		{91833F6C-8E18-4B65-9563-A7884E412DF7}.Debug|x86.Build.0 = Debug|Any CPU
		{91833F6C-8E18-4B65-9563-A7884E412DF7}.Release|Any CPU.ActiveCfg = Release|Any CPU
		{91833F6C-8E18-4B65-9563-A7884E412DF7}.Release|Any CPU.Build.0 = Release|Any CPU
		{91833F6C-8E18-4B65-9563-A7884E412DF7}.Release|x64.ActiveCfg = Release|Any CPU
		{91833F6C-8E18-4B65-9563-A7884E412DF7}.Release|x64.Build.0 = Release|Any CPU
		{91833F6C-8E18-4B65-9563-A7884E412DF7}.Release|x86.ActiveCfg = Release|Any CPU
		{91833F6C-8E18-4B65-9563-A7884E412DF7}.Release|x86.Build.0 = Release|Any CPU
		{265CF9FF-B3D9-492B-905C-697C58FCF4C0}.Debug|Any CPU.ActiveCfg = Debug|Any CPU
		{265CF9FF-B3D9-492B-905C-697C58FCF4C0}.Debug|Any CPU.Build.0 = Debug|Any CPU
		{265CF9FF-B3D9-492B-905C-697C58FCF4C0}.Debug|x64.ActiveCfg = Debug|Any CPU
		{265CF9FF-B3D9-492B-905C-697C58FCF4C0}.Debug|x64.Build.0 = Debug|Any CPU
		{265CF9FF-B3D9-492B-905C-697C58FCF4C0}.Debug|x86.ActiveCfg = Debug|Any CPU
		{265CF9FF-B3D9-492B-905C-697C58FCF4C0}.Debug|x86.Build.0 = Debug|Any CPU
		{265CF9FF-B3D9-492B-905C-697C58FCF4C0}.Release|Any CPU.ActiveCfg = Release|Any CPU
		{265CF9FF-B3D9-492B-905C-697C58FCF4C0}.Release|Any CPU.Build.0 = Release|Any CPU
		{265CF9FF-B3D9-492B-905C-697C58FCF4C0}.Release|x64.ActiveCfg = Release|Any CPU
		{265CF9FF-B3D9-492B-905C-697C58FCF4C0}.Release|x64.Build.0 = Release|Any CPU
		{265CF9FF-B3D9-492B-905C-697C58FCF4C0}.Release|x86.ActiveCfg = Release|Any CPU
		{265CF9FF-B3D9-492B-905C-697C58FCF4C0}.Release|x86.Build.0 = Release|Any CPU
		{77450089-3924-4667-8874-4CBD92017E54}.Debug|Any CPU.ActiveCfg = Debug|Any CPU
		{77450089-3924-4667-8874-4CBD92017E54}.Debug|Any CPU.Build.0 = Debug|Any CPU
		{77450089-3924-4667-8874-4CBD92017E54}.Debug|x64.ActiveCfg = Debug|Any CPU
		{77450089-3924-4667-8874-4CBD92017E54}.Debug|x64.Build.0 = Debug|Any CPU
		{77450089-3924-4667-8874-4CBD92017E54}.Debug|x86.ActiveCfg = Debug|Any CPU
		{77450089-3924-4667-8874-4CBD92017E54}.Debug|x86.Build.0 = Debug|Any CPU
		{77450089-3924-4667-8874-4CBD92017E54}.Release|Any CPU.ActiveCfg = Release|Any CPU
		{77450089-3924-4667-8874-4CBD92017E54}.Release|Any CPU.Build.0 = Release|Any CPU
		{77450089-3924-4667-8874-4CBD92017E54}.Release|x64.ActiveCfg = Release|Any CPU
		{77450089-3924-4667-8874-4CBD92017E54}.Release|x64.Build.0 = Release|Any CPU
		{77450089-3924-4667-8874-4CBD92017E54}.Release|x86.ActiveCfg = Release|Any CPU
		{77450089-3924-4667-8874-4CBD92017E54}.Release|x86.Build.0 = Release|Any CPU
	EndGlobalSection
	GlobalSection(SolutionProperties) = preSolution
		HideSolutionNode = FALSE
	EndGlobalSection
	GlobalSection(NestedProjects) = preSolution
		{7265AC5F-ED62-4DE4-9DA1-4C597C7F8CA8} = {827E0CD3-B72D-47B6-A68D-7590B98EB39B}
		{7A100961-CC40-44FB-9609-439A0E41BDDE} = {827E0CD3-B72D-47B6-A68D-7590B98EB39B}
		{91833F6C-8E18-4B65-9563-A7884E412DF7} = {827E0CD3-B72D-47B6-A68D-7590B98EB39B}
		{265CF9FF-B3D9-492B-905C-697C58FCF4C0} = {827E0CD3-B72D-47B6-A68D-7590B98EB39B}
		{77450089-3924-4667-8874-4CBD92017E54} = {827E0CD3-B72D-47B6-A68D-7590B98EB39B}
	EndGlobalSection
EndGlobal
